
Microsoft Visual Studio Solution File, Format Version 11.00
# Visual Studio 2010
Project("{FAE04EC0-301F-11D3-BF4B-00C04F79EFBC}") = "EE267copy2", "Assembly-CSharp.csproj", "{01BDFB28-EABD-2AE6-0907-C41ECB3C2DC2}"
EndProject
Project("{FAE04EC0-301F-11D3-BF4B-00C04F79EFBC}") = "EE267copy2", "Assembly-CSharp-Editor.csproj", "{14667555-F972-0BF3-5CD4-62A16123F939}"
EndProject
Global
	GlobalSection(SolutionConfigurationPlatforms) = preSolution
		Debug|Any CPU = Debug|Any CPU
		Release|Any CPU = Release|Any CPU
	EndGlobalSection
	GlobalSection(ProjectConfigurationPlatforms) = postSolution
		{01BDFB28-EABD-2AE6-0907-C41ECB3C2DC2}.Debug|Any CPU.ActiveCfg = Debug|Any CPU
		{01BDFB28-EABD-2AE6-0907-C41ECB3C2DC2}.Debug|Any CPU.Build.0 = Debug|Any CPU
		{01BDFB28-EABD-2AE6-0907-C41ECB3C2DC2}.Release|Any CPU.ActiveCfg = Release|Any CPU
		{01BDFB28-EABD-2AE6-0907-C41ECB3C2DC2}.Release|Any CPU.Build.0 = Release|Any CPU
		{14667555-F972-0BF3-5CD4-62A16123F939}.Debug|Any CPU.ActiveCfg = Debug|Any CPU
		{14667555-F972-0BF3-5CD4-62A16123F939}.Debug|Any CPU.Build.0 = Debug|Any CPU
		{14667555-F972-0BF3-5CD4-62A16123F939}.Release|Any CPU.ActiveCfg = Release|Any CPU
		{14667555-F972-0BF3-5CD4-62A16123F939}.Release|Any CPU.Build.0 = Release|Any CPU
	EndGlobalSection
	GlobalSection(SolutionProperties) = preSolution
		HideSolutionNode = FALSE
	EndGlobalSection
	GlobalSection(MonoDevelopProperties) = preSolution
		StartupItem = Assembly-CSharp.csproj
	EndGlobalSection
EndGlobal
